[{<<"cowboy">>,
  {git,"git://github.com/ninenines/cowboy.git",
       {ref,"63b17e4edf666d995ec86cdcda17a62ba5ebc423"}},
  0},
 {<<"cowlib">>,
  {git,"https://github.com/ninenines/cowlib",
       {ref,"c6553f8308a2ca5dcd69d845f0a7d098c40c3363"}},
  1},
 {<<"jsone">>,
  {git,"https://github.com/sile/jsone.git",
       {ref,"2ebbe2361d19af3cc4c94b7345972710aec4fbda"}},
  0},
 {<<"log4erl">>,
  {git,"https://github.com/ahmednawras/log4erl.git",
       {ref,"247128ab9e84c4383a5fdc31eaae82ea4406e2c2"}},
  0},
 {<<"mochiweb">>,
  {git,"https://github.com/mochi/mochiweb.git",
       {ref,"070594e4d66163d662ac7e3bfb75dadcc922dd7c"}},
  1},
 {<<"mysql">>,
  {git,"https://github.com/dizzyd/erlang-mysql-driver.git",
       {ref,"051f22e1cbe130061b43273a14217c659e6b860d"}},
  0},
 {<<"ranch">>,
  {git,"https://github.com/ninenines/ranch",
       {ref,"3190aef88aea04d6dce8545fe9b4574288903f44"}},
  1}].
